
Microsoft Visual Studio Solution File, Format Version 12.00
# Visual Studio Version 17
VisualStudioVersion = 17.0.31903.59
MinimumVisualStudioVersion = 10.0.40219.1
Project("{FAE04EC0-301F-11D3-BF4B-00C04F79EFBC}") = "TPTicketingPS.API", "TPTicketingPS.API\TPTicketingPS.API.csproj", "{BD7F201E-FEFA-4CFC-BE81-AC14AF82188C}"
EndProject
Project("{FAE04EC0-301F-11D3-BF4B-00C04F79EFBC}") = "TPTicketingPS.Application", "TPTicketingPS.Application\TPTicketingPS.Application.csproj", "{914CAE57-8ABE-4CA1-BD06-8016ECE96434}"
EndProject
Project("{FAE04EC0-301F-11D3-BF4B-00C04F79EFBC}") = "TPTicketingPS.Domain", "TPTicketingPS.Domain\TPTicketingPS.Domain.csproj", "{86C8D717-4113-441A-A8E5-AD553DB4F5C3}"
EndProject
Project("{FAE04EC0-301F-11D3-BF4B-00C04F79EFBC}") = "TPTicketingPS.Infrastructure", "TPTicketingPS.Infrastructure\TPTicketingPS.Infrastructure.csproj", "{B6542391-01AC-43B5-A4A2-335D620E0FDB}"
EndProject
Global
	GlobalSection(SolutionConfigurationPlatforms) = preSolution
		Debug|Any CPU = Debug|Any CPU
		Debug|x64 = Debug|x64
		Debug|x86 = Debug|x86
		Release|Any CPU = Release|Any CPU
		Release|x64 = Release|x64
		Release|x86 = Release|x86
	EndGlobalSection
	GlobalSection(ProjectConfigurationPlatforms) = postSolution
		{BD7F201E-FEFA-4CFC-BE81-AC14AF82188C}.Debug|Any CPU.ActiveCfg = Debug|Any CPU
		{BD7F201E-FEFA-4CFC-BE81-AC14AF82188C}.Debug|Any CPU.Build.0 = Debug|Any CPU
		{BD7F201E-FEFA-4CFC-BE81-AC14AF82188C}.Debug|x64.ActiveCfg = Debug|Any CPU
		{BD7F201E-FEFA-4CFC-BE81-AC14AF82188C}.Debug|x64.Build.0 = Debug|Any CPU
		{BD7F201E-FEFA-4CFC-BE81-AC14AF82188C}.Debug|x86.ActiveCfg = Debug|Any CPU
		{BD7F201E-FEFA-4CFC-BE81-AC14AF82188C}.Debug|x86.Build.0 = Debug|Any CPU
		{BD7F201E-FEFA-4CFC-BE81-AC14AF82188C}.Release|Any CPU.ActiveCfg = Release|Any CPU
		{BD7F201E-FEFA-4CFC-BE81-AC14AF82188C}.Release|Any CPU.Build.0 = Release|Any CPU
		{BD7F201E-FEFA-4CFC-BE81-AC14AF82188C}.Release|x64.ActiveCfg = Release|Any CPU
		{BD7F201E-FEFA-4CFC-BE81-AC14AF82188C}.Release|x64.Build.0 = Release|Any CPU
		{BD7F201E-FEFA-4CFC-BE81-AC14AF82188C}.Release|x86.ActiveCfg = Release|Any CPU
		{BD7F201E-FEFA-4CFC-BE81-AC14AF82188C}.Release|x86.Build.0 = Release|Any CPU
		{914CAE57-8ABE-4CA1-BD06-8016ECE96434}.Debug|Any CPU.ActiveCfg = Debug|Any CPU
		{914CAE57-8ABE-4CA1-BD06-8016ECE96434}.Debug|Any CPU.Build.0 = Debug|Any CPU
		{914CAE57-8ABE-4CA1-BD06-8016ECE96434}.Debug|x64.ActiveCfg = Debug|Any CPU
		{914CAE57-8ABE-4CA1-BD06-8016ECE96434}.Debug|x64.Build.0 = Debug|Any CPU
		{914CAE57-8ABE-4CA1-BD06-8016ECE96434}.Debug|x86.ActiveCfg = Debug|Any CPU
		{914CAE57-8ABE-4CA1-BD06-8016ECE96434}.Debug|x86.Build.0 = Debug|Any CPU
		{914CAE57-8ABE-4CA1-BD06-8016ECE96434}.Release|Any CPU.ActiveCfg = Release|Any CPU
		{914CAE57-8ABE-4CA1-BD06-8016ECE96434}.Release|Any CPU.Build.0 = Release|Any CPU
		{914CAE57-8ABE-4CA1-BD06-8016ECE96434}.Release|x64.ActiveCfg = Release|Any CPU
		{914CAE57-8ABE-4CA1-BD06-8016ECE96434}.Release|x64.Build.0 = Release|Any CPU
		{914CAE57-8ABE-4CA1-BD06-8016ECE96434}.Release|x86.ActiveCfg = Release|Any CPU
		{914CAE57-8ABE-4CA1-BD06-8016ECE96434}.Release|x86.Build.0 = Release|Any CPU
		{86C8D717-4113-441A-A8E5-AD553DB4F5C3}.Debug|Any CPU.ActiveCfg = Debug|Any CPU
		{86C8D717-4113-441A-A8E5-AD553DB4F5C3}.Debug|Any CPU.Build.0 = Debug|Any CPU
		{86C8D717-4113-441A-A8E5-AD553DB4F5C3}.Debug|x64.ActiveCfg = Debug|Any CPU
		{86C8D717-4113-441A-A8E5-AD553DB4F5C3}.Debug|x64.Build.0 = Debug|Any CPU
		{86C8D717-4113-441A-A8E5-AD553DB4F5C3}.Debug|x86.ActiveCfg = Debug|Any CPU
		{86C8D717-4113-441A-A8E5-AD553DB4F5C3}.Debug|x86.Build.0 = Debug|Any CPU
		{86C8D717-4113-441A-A8E5-AD553DB4F5C3}.Release|Any CPU.ActiveCfg = Release|Any CPU
		{86C8D717-4113-441A-A8E5-AD553DB4F5C3}.Release|Any CPU.Build.0 = Release|Any CPU
		{86C8D717-4113-441A-A8E5-AD553DB4F5C3}.Release|x64.ActiveCfg = Release|Any CPU
		{86C8D717-4113-441A-A8E5-AD553DB4F5C3}.Release|x64.Build.0 = Release|Any CPU
		{86C8D717-4113-441A-A8E5-AD553DB4F5C3}.Release|x86.ActiveCfg = Release|Any CPU
		{86C8D717-4113-441A-A8E5-AD553DB4F5C3}.Release|x86.Build.0 = Release|Any CPU
		{B6542391-01AC-43B5-A4A2-335D620E0FDB}.Debug|Any CPU.ActiveCfg = Debug|Any CPU
		{B6542391-01AC-43B5-A4A2-335D620E0FDB}.Debug|Any CPU.Build.0 = Debug|Any CPU
		{B6542391-01AC-43B5-A4A2-335D620E0FDB}.Debug|x64.ActiveCfg = Debug|Any CPU
		{B6542391-01AC-43B5-A4A2-335D620E0FDB}.Debug|x64.Build.0 = Debug|Any CPU
		{B6542391-01AC-43B5-A4A2-335D620E0FDB}.Debug|x86.ActiveCfg = Debug|Any CPU
		{B6542391-01AC-43B5-A4A2-335D620E0FDB}.Debug|x86.Build.0 = Debug|Any CPU
		{B6542391-01AC-43B5-A4A2-335D620E0FDB}.Release|Any CPU.ActiveCfg = Release|Any CPU
		{B6542391-01AC-43B5-A4A2-335D620E0FDB}.Release|Any CPU.Build.0 = Release|Any CPU
		{B6542391-01AC-43B5-A4A2-335D620E0FDB}.Release|x64.ActiveCfg = Release|Any CPU
		{B6542391-01AC-43B5-A4A2-335D620E0FDB}.Release|x64.Build.0 = Release|Any CPU
		{B6542391-01AC-43B5-A4A2-335D620E0FDB}.Release|x86.ActiveCfg = Release|Any CPU
		{B6542391-01AC-43B5-A4A2-335D620E0FDB}.Release|x86.Build.0 = Release|Any CPU
	EndGlobalSection
	GlobalSection(SolutionProperties) = preSolution
		HideSolutionNode = FALSE
	EndGlobalSection
EndGlobal
